
Microsoft Visual Studio Solution File, Format Version 12.00
# Visual Studio Version 17
VisualStudioVersion = 17.9.34728.123
MinimumVisualStudioVersion = 10.0.40219.1
Project("{FAE04EC0-301F-11D3-BF4B-00C04F79EFBC}") = "DbOpationsWithEfCoreApp", "DbOpationsWithEfCoreApp.csproj", "{72963E71-4464-4FD5-9247-1865FB8CBEA3}"
EndProject
Global
	GlobalSection(SolutionConfigurationPlatforms) = preSolution
		Debug|Any CPU = Debug|Any CPU
		Release|Any CPU = Release|Any CPU
	EndGlobalSection
	GlobalSection(ProjectConfigurationPlatforms) = postSolution
		{72963E71-4464-4FD5-9247-1865FB8CBEA3}.Debug|Any CPU.ActiveCfg = Debug|Any CPU
		{72963E71-4464-4FD5-9247-1865FB8CBEA3}.Debug|Any CPU.Build.0 = Debug|Any CPU
		{72963E71-4464-4FD5-9247-1865FB8CBEA3}.Release|Any CPU.ActiveCfg = Release|Any CPU
		{72963E71-4464-4FD5-9247-1865FB8CBEA3}.Release|Any CPU.Build.0 = Release|Any CPU
	EndGlobalSection
	GlobalSection(SolutionProperties) = preSolution
		HideSolutionNode = FALSE
	EndGlobalSection
	GlobalSection(ExtensibilityGlobals) = postSolution
		SolutionGuid = {7D021554-079A-4741-AFD0-DA2866C16C22}
	EndGlobalSection
EndGlobal
